// !$*UTF8*$!
{
	archiveVersion = 1;
	classes = {
	};
	objectVersion = 46;
	objects = {

/* Begin PBXBuildFile section */
		AA36F9D51DB5A66100632394 /* ItemCell.swift in Sources */ = {isa = PBXBuildFile; fileRef = AA36F9D41DB5A66100632394 /* ItemCell.swift */; };
		AA36F9D71DB5C09C00632394 /* DetailViewController.swift in Sources */ = {isa = PBXBuildFile; fileRef = AA36F9D61DB5C09C00632394 /* DetailViewController.swift */; };
		AAF3CC2F1DAC612D0022F0F9 /* AppDelegate.swift in Sources */ = {isa = PBXBuildFile; fileRef = AAF3CC2E1DAC612D0022F0F9 /* AppDelegate.swift */; };
		AAF3CC311DAC612D0022F0F9 /* ViewController.swift in Sources */ = {isa = PBXBuildFile; fileRef = AAF3CC301DAC612D0022F0F9 /* ViewController.swift */; };
		AAF3CC341DAC612D0022F0F9 /* Main.storyboard in Resources */ = {isa = PBXBuildFile; fileRef = AAF3CC321DAC612D0022F0F9 /* Main.storyboard */; };
		AAF3CC361DAC612D0022F0F9 /* Assets.xcassets in Resources */ = {isa = PBXBuildFile; fileRef = AAF3CC351DAC612D0022F0F9 /* Assets.xcassets */; };
		AAF3CC391DAC612D0022F0F9 /* LaunchScreen.storyboard in Resources */ = {isa = PBXBuildFile; fileRef = AAF3CC371DAC612D0022F0F9 /* LaunchScreen.storyboard */; };
		AAF3CC411DAC62510022F0F9 /* ItemsViewController.swift in Sources */ = {isa = PBXBuildFile; fileRef = AAF3CC401DAC62510022F0F9 /* ItemsViewController.swift */; };
		AAF3CC431DAC6DBD0022F0F9 /* Item.swift in Sources */ = {isa = PBXBuildFile; fileRef = AAF3CC421DAC6DBD0022F0F9 /* Item.swift */; };
		AAF3CC451DAC744E0022F0F9 /* ItemStore.swift in Sources */ = {isa = PBXBuildFile; fileRef = AAF3CC441DAC744E0022F0F9 /* ItemStore.swift */; };
/* End PBXBuildFile section */

/* Begin PBXFileReference section */
		AA36F9D41DB5A66100632394 /* ItemCell.swift */ = {isa = PBXFileReference; fileEncoding = 4; lastKnownFileType = sourcecode.swift; path = ItemCell.swift; sourceTree = "<group>"; };
		AA36F9D61DB5C09C00632394 /* DetailViewController.swift */ = {isa = PBXFileReference; fileEncoding = 4; lastKnownFileType = sourcecode.swift; path = DetailViewController.swift; sourceTree = "<group>"; };
		AAF3CC2B1DAC612D0022F0F9 /* Homepwner.app */ = {isa = PBXFileReference; explicitFileType = wrapper.application; includeInIndex = 0; path = Homepwner.app; sourceTree = BUILT_PRODUCTS_DIR; };
		AAF3CC2E1DAC612D0022F0F9 /* AppDelegate.swift */ = {isa = PBXFileReference; lastKnownFileType = sourcecode.swift; path = AppDelegate.swift; sourceTree = "<group>"; };
		AAF3CC301DAC612D0022F0F9 /* ViewController.swift */ = {isa = PBXFileReference; lastKnownFileType = sourcecode.swift; path = ViewController.swift; sourceTree = "<group>"; };
		AAF3CC331DAC612D0022F0F9 /* Base */ = {isa = PBXFileReference; lastKnownFileType = file.storyboard; name = Base; path = Base.lproj/Main.storyboard; sourceTree = "<group>"; };
		AAF3CC351DAC612D0022F0F9 /* Assets.xcassets */ = {isa = PBXFileReference; lastKnownFileType = folder.assetcatalog; path = Assets.xcassets; sourceTree = "<group>"; };
		AAF3CC381DAC612D0022F0F9 /* Base */ = {isa = PBXFileReference; lastKnownFileType = file.storyboard; name = Base; path = Base.lproj/LaunchScreen.storyboard; sourceTree = "<group>"; };
		AAF3CC3A1DAC612D0022F0F9 /* Info.plist */ = {isa = PBXFileReference; lastKnownFileType = text.plist.xml; path = Info.plist; sourceTree = "<group>"; };
		AAF3CC401DAC62510022F0F9 /* ItemsViewController.swift */ = {isa = PBXFileReference; fileEncoding = 4; lastKnownFileType = sourcecode.swift; path = ItemsViewController.swift; sourceTree = "<group>"; };
		AAF3CC421DAC6DBD0022F0F9 /* Item.swift */ = {isa = PBXFileReference; fileEncoding = 4; lastKnownFileType = sourcecode.swift; path = Item.swift; sourceTree = "<group>"; };
		AAF3CC441DAC744E0022F0F9 /* ItemStore.swift */ = {isa = PBXFileReference; fileEncoding = 4; lastKnownFileType = sourcecode.swift; path = ItemStore.swift; sourceTree = "<group>"; };
/* End PBXFileReference section */

/* Begin PBXFrameworksBuildPhase section */
		AAF3CC281DAC612D0022F0F9 /* Frameworks */ = {
			isa = PBXFrameworksBuildPhase;
			buildActionMask = 2147483647;
			files = (
			);
			runOnlyForDeploymentPostprocessing = 0;
		};
/* End PBXFrameworksBuildPhase section */

/* Begin PBXGroup section */
		AAF3CC221DAC612D0022F0F9 = {
			isa = PBXGroup;
			children = (
				AAF3CC2D1DAC612D0022F0F9 /* Homepwner */,
				AAF3CC2C1DAC612D0022F0F9 /* Products */,
			);
			sourceTree = "<group>";
		};
		AAF3CC2C1DAC612D0022F0F9 /* Products */ = {
			isa = PBXGroup;
			children = (
				AAF3CC2B1DAC612D0022F0F9 /* Homepwner.app */,
			);
			name = Products;
			sourceTree = "<group>";
		};
		AAF3CC2D1DAC612D0022F0F9 /* Homepwner */ = {
			isa = PBXGroup;
			children = (
				AAF3CC2E1DAC612D0022F0F9 /* AppDelegate.swift */,
				AAF3CC301DAC612D0022F0F9 /* ViewController.swift */,
				AAF3CC321DAC612D0022F0F9 /* Main.storyboard */,
				AAF3CC421DAC6DBD0022F0F9 /* Item.swift */,
				AAF3CC441DAC744E0022F0F9 /* ItemStore.swift */,
				AAF3CC351DAC612D0022F0F9 /* Assets.xcassets */,
				AAF3CC371DAC612D0022F0F9 /* LaunchScreen.storyboard */,
				AAF3CC3A1DAC612D0022F0F9 /* Info.plist */,
				AAF3CC401DAC62510022F0F9 /* ItemsViewController.swift */,
				AA36F9D41DB5A66100632394 /* ItemCell.swift */,
				AA36F9D61DB5C09C00632394 /* DetailViewController.swift */,
			);
			path = Homepwner;
			sourceTree = "<group>";
		};
/* End PBXGroup section */

/* Begin PBXNativeTarget section */
		AAF3CC2A1DAC612D0022F0F9 /* Homepwner */ = {
			isa = PBXNativeTarget;
			buildConfigurationList = AAF3CC3D1DAC612D0022F0F9 /* Build configuration list for PBXNativeTarget "Homepwner" */;
			buildPhases = (
				AAF3CC271DAC612D0022F0F9 /* Sources */,
				AAF3CC281DAC612D0022F0F9 /* Frameworks */,
				AAF3CC291DAC612D0022F0F9 /* Resources */,
			);
			buildRules = (
			);
			dependencies = (
			);
			name = Homepwner;
			productName = Homepwner;
			productReference = AAF3CC2B1DAC612D0022F0F9 /* Homepwner.app */;
			productType = "com.apple.product-type.application";
		};
/* End PBXNativeTarget section */

/* Begin PBXProject section */
		AAF3CC231DAC612D0022F0F9 /* Project object */ = {
			isa = PBXProject;
			attributes = {
				LastSwiftUpdateCheck = 0730;
				LastUpgradeCheck = 0730;
				ORGANIZATIONNAME = "Pei Liu";
				TargetAttributes = {
					AAF3CC2A1DAC612D0022F0F9 = {
						CreatedOnToolsVersion = 7.3.1;
					};
				};
			};
			buildConfigurationList = AAF3CC261DAC612D0022F0F9 /* Build configuration list for PBXProject "Homepwner" */;
			compatibilityVersion = "Xcode 3.2";
			developmentRegion = English;
			hasScannedForEncodings = 0;
			knownRegions = (
				en,
				Base,
			);
			mainGroup = AAF3CC221DAC612D0022F0F9;
			productRefGroup = AAF3CC2C1DAC612D0022F0F9 /* Products */;
			projectDirPath = "";
			projectRoot = "";
			targets = (
				AAF3CC2A1DAC612D0022F0F9 /* Homepwner */,
			);
		};
/* End PBXProject section */

/* Begin PBXResourcesBuildPhase section */
		AAF3CC291DAC612D0022F0F9 /* Resources */ = {
			isa = PBXResourcesBuildPhase;
			buildActionMask = 2147483647;
			files = (
				AAF3CC391DAC612D0022F0F9 /* LaunchScreen.storyboard in Resources */,
				AAF3CC361DAC612D0022F0F9 /* Assets.xcassets in Resources */,
				AAF3CC341DAC612D0022F0F9 /* Main.storyboard in Resources */,
			);
			runOnlyForDeploymentPostprocessing = 0;
		};
/* End PBXResourcesBuildPhase section */

/* Begin PBXSourcesBuildPhase section */
		AAF3CC271DAC612D0022F0F9 /* Sources */ = {
			isa = PBXSourcesBuildPhase;
			buildActionMask = 2147483647;
			files = (
				AAF3CC431DAC6DBD0022F0F9 /* Item.swift in Sources */,
				AAF3CC311DAC612D0022F0F9 /* ViewController.swift in Sources */,
				AA36F9D51DB5A66100632394 /* ItemCell.swift in Sources */,
				AAF3CC2F1DAC612D0022F0F9 /* AppDelegate.swift in Sources */,
				AAF3CC451DAC744E0022F0F9 /* ItemStore.swift in Sources */,
				AAF3CC411DAC62510022F0F9 /* ItemsViewController.swift in Sources */,
				AA36F9D71DB5C09C00632394 /* DetailViewController.swift in Sources */,
			);
			runOnlyForDeploymentPostprocessing = 0;
		};
/* End PBXSourcesBuildPhase section */

/* Begin PBXVariantGroup section */
		AAF3CC321DAC612D0022F0F9 /* Main.storyboard */ = {
			isa = PBXVariantGroup;
			children = (
				AAF3CC331DAC612D0022F0F9 /* Base */,
			);
			name = Main.storyboard;
			sourceTree = "<group>";
		};
		AAF3CC371DAC612D0022F0F9 /* LaunchScreen.storyboard */ = {
			isa = PBXVariantGroup;
			children = (
				AAF3CC381DAC612D0022F0F9 /* Base */,
			);
			name = LaunchScreen.storyboard;
			sourceTree = "<group>";
		};
/* End PBXVariantGroup section */

/* Begin XCBuildConfiguration section */
		AAF3CC3B1DAC612D0022F0F9 /* Debug */ = {
			isa = XCBuildConfiguration;
			buildSettings = {
				ALWAYS_SEARCH_USER_PATHS = NO;
				CLANG_ANALYZER_NONNULL = YES;
				CLANG_CXX_LANGUAGE_STANDARD = "gnu++0x";
				CLANG_CXX_LIBRARY = "libc++";
				CLANG_ENABLE_MODULES = YES;
				CLANG_ENABLE_OBJC_ARC = YES;
				CLANG_WARN_BOOL_CONVERSION = YES;
				CLANG_WARN_CONSTANT_CONVERSION = YES;
				CLANG_WARN_DIRECT_OBJC_ISA_USAGE = YES_ERROR;
				CLANG_WARN_EMPTY_BODY = YES;
				CLANG_WARN_ENUM_CONVERSION = YES;
				CLANG_WARN_INT_CONVERSION = YES;
				CLANG_WARN_OBJC_ROOT_CLASS = YES_ERROR;
				CLANG_WARN_UNREACHABLE_CODE = YES;
				CLANG_WARN__DUPLICATE_METHOD_MATCH = YES;
				"CODE_SIGN_IDENTITY[sdk=iphoneos*]" = "iPhone Developer";
				COPY_PHASE_STRIP = NO;
				DEBUG_INFORMATION_FORMAT = dwarf;
				ENABLE_STRICT_OBJC_MSGSEND = YES;
				ENABLE_TESTABILITY = YES;
				GCC_C_LANGUAGE_STANDARD = gnu99;
				GCC_DYNAMIC_NO_PIC = NO;
				GCC_NO_COMMON_BLOCKS = YES;
				GCC_OPTIMIZATION_LEVEL = 0;
				GCC_PREPROCESSOR_DEFINITIONS = (
					"DEBUG=1",
					"$(inherited)",
				);
				GCC_WARN_64_TO_32_BIT_CONVERSION = YES;
				GCC_WARN_ABOUT_RETURN_TYPE = YES_ERROR;
				GCC_WARN_UNDECLARED_SELECTOR = YES;
				GCC_WARN_UNINITIALIZED_AUTOS = YES_AGGRESSIVE;
				GCC_WARN_UNUSED_FUNCTION = YES;
				GCC_WARN_UNUSED_VARIABLE = YES;
				IPHONEOS_DEPLOYMENT_TARGET = 9.3;
				MTL_ENABLE_DEBUG_INFO = YES;
				ONLY_ACTIVE_ARCH = YES;
				SDKROOT = iphoneos;
				SWIFT_OPTIMIZATION_LEVEL = "-Onone";
			};
			name = Debug;
		};
		AAF3CC3C1DAC612D0022F0F9 /* Release */ = {
			isa = XCBuildConfiguration;
			buildSettings = {
				ALWAYS_SEARCH_USER_PATHS = NO;
				CLANG_ANALYZER_NONNULL = YES;
				CLANG_CXX_LANGUAGE_STANDARD = "gnu++0x";
				CLANG_CXX_LIBRARY = "libc++";
				CLANG_ENABLE_MODULES = YES;
				CLANG_ENABLE_OBJC_ARC = YES;
				CLANG_WARN_BOOL_CONVERSION = YES;
				CLANG_WARN_CONSTANT_CONVERSION = YES;
				CLANG_WARN_DIRECT_OBJC_ISA_USAGE = YES_ERROR;
				CLANG_WARN_EMPTY_BODY = YES;
				CLANG_WARN_ENUM_CONVERSION = YES;
				CLANG_WARN_INT_CONVERSION = YES;
				CLANG_WARN_OBJC_ROOT_CLASS = YES_ERROR;
				CLANG_WARN_UNREACHABLE_CODE = YES;
				CLANG_WARN__DUPLICATE_METHOD_MATCH = YES;
				"CODE_SIGN_IDENTITY[sdk=iphoneos*]" = "iPhone Developer";
				COPY_PHASE_STRIP = NO;
				DEBUG_INFORMATION_FORMAT = "dwarf-with-dsym";
				ENABLE_NS_ASSERTIONS = NO;
				ENABLE_STRICT_OBJC_MSGSEND = YES;
				GCC_C_LANGUAGE_STANDARD = gnu99;
				GCC_NO_COMMON_BLOCKS = YES;
				GCC_WARN_64_TO_32_BIT_CONVERSION = YES;
				GCC_WARN_ABOUT_RETURN_TYPE = YES_ERROR;
				GCC_WARN_UNDECLARED_SELECTOR = YES;
				GCC_WARN_UNINITIALIZED_AUTOS = YES_AGGRESSIVE;
				GCC_WARN_UNUSED_FUNCTION = YES;
				GCC_WARN_UNUSED_VARIABLE = YES;
				IPHONEOS_DEPLOYMENT_TARGET = 9.3;
				MTL_ENABLE_DEBUG_INFO = NO;
				SDKROOT = iphoneos;
				VALIDATE_PRODUCT = YES;
			};
			name = Release;
		};
		AAF3CC3E1DAC612D0022F0F9 /* Debug */ = {
			isa = XCBuildConfiguration;
			buildSettings = {
				ASSETCATALOG_COMPILER_APPICON_NAME = AppIcon;
				INFOPLIST_FILE = Homepwner/Info.plist;
				LD_RUNPATH_SEARCH_PATHS = "$(inherited) @executable_path/Frameworks";
				PRODUCT_BUNDLE_IDENTIFIER = cs175.Homepwner;
				PRODUCT_NAME = "$(TARGET_NAME)";
				SWIFT_VERSION = 2.3;
			};
			name = Debug;
		};
		AAF3CC3F1DAC612D0022F0F9 /* Release */ = {
			isa = XCBuildConfiguration;
			buildSettings = {
				ASSETCATALOG_COMPILER_APPICON_NAME = AppIcon;
				INFOPLIST_FILE = Homepwner/Info.plist;
				LD_RUNPATH_SEARCH_PATHS = "$(inherited) @executable_path/Frameworks";
				PRODUCT_BUNDLE_IDENTIFIER = cs175.Homepwner;
				PRODUCT_NAME = "$(TARGET_NAME)";
				SWIFT_VERSION = 2.3;
			};
			name = Release;
		};
/* End XCBuildConfiguration section */

/* Begin XCConfigurationList section */
		AAF3CC261DAC612D0022F0F9 /* Build configuration list for PBXProject "Homepwner" */ = {
			isa = XCConfigurationList;
			buildConfigurations = (
				AAF3CC3B1DAC612D0022F0F9 /* Debug */,
				AAF3CC3C1DAC612D0022F0F9 /* Release */,
			);
			defaultConfigurationIsVisible = 0;
			defaultConfigurationName = Release;
		};
		AAF3CC3D1DAC612D0022F0F9 /* Build configuration list for PBXNativeTarget "Homepwner" */ = {
			isa = XCConfigurationList;
			buildConfigurations = (
				AAF3CC3E1DAC612D0022F0F9 /* Debug */,
				AAF3CC3F1DAC612D0022F0F9 /* Release */,
			);
			defaultConfigurationIsVisible = 0;
			defaultConfigurationName = Release;
		};
/* End XCConfigurationList section */
	};
	rootObject = AAF3CC231DAC612D0022F0F9 /* Project object */;
}
